
Microsoft Visual Studio Solution File, Format Version 12.00
# Visual Studio 2013
VisualStudioVersion = 12.0.31101.0
MinimumVisualStudioVersion = 10.0.40219.1
Project("{159641D6-6404-4A2A-AE62-294DE0FE8301}") = "INTHRSBI", "INTHRSBI\INTHRSBI.dtproj", "{7193533C-E761-4536-90E5-CD362923DA90}"
EndProject
Global
	GlobalSection(TeamFoundationVersionControl) = preSolution
		SccNumberOfProjects = 2
		SccEnterpriseProvider = {4CA58AB2-18FA-4F8D-95D4-32DDF27D184C}
		SccTeamFoundationServer = https://inthrsbijovago.visualstudio.com/defaultcollection
		SccLocalPath0 = .
		SccProjectUniqueName1 = INTHRSBI\\INTHRSBI.dtproj
		SccProjectName1 = INTHRSBI
		SccLocalPath1 = INTHRSBI
	EndGlobalSection
	GlobalSection(SolutionConfigurationPlatforms) = preSolution
		Development|Default = Development|Default
	EndGlobalSection
	GlobalSection(ProjectConfigurationPlatforms) = postSolution
		{7193533C-E761-4536-90E5-CD362923DA90}.Development|Default.ActiveCfg = Development
		{7193533C-E761-4536-90E5-CD362923DA90}.Development|Default.Build.0 = Development
	EndGlobalSection
	GlobalSection(SolutionProperties) = preSolution
		HideSolutionNode = FALSE
	EndGlobalSection
EndGlobal
